// !$*UTF8*$!
{
archiveVersion = 1;
classes = {
};
objectVersion = 56;
objects = {

/* Begin PBXBuildFile section */
0C9AF2222C8C80D600A3E7F4 /* HausUndHandApp.swift in Sources */ = {isa = PBXBuildFile; fileRef = 0C9AF2212C8C80D600A3E7F4 /* HausUndHandApp.swift */; };
0C9AF2242C8C80E500A3E7F4 /* CompositionRoot.swift in Sources */ = {isa = PBXBuildFile; fileRef = 0C9AF2232C8C80E500A3E7F4 /* CompositionRoot.swift */; };
0C9AF2262C8C80F600A3E7F4 /* RootView.swift in Sources */ = {isa = PBXBuildFile; fileRef = 0C9AF2252C8C80F600A3E7F4 /* RootView.swift */; };
0C9AF2282C8C812200A3E7F4 /* DesignTokens.swift in Sources */ = {isa = PBXBuildFile; fileRef = 0C9AF2272C8C812200A3E7F4 /* DesignTokens.swift */; };
0C9AF22B2C8C818000A3E7F4 /* Entities.swift in Sources */ = {isa = PBXBuildFile; fileRef = 0C9AF22A2C8C818000A3E7F4 /* Entities.swift */; };
0C9AF22D2C8C81AD00A3E7F4 /* SupabaseClientProvider.swift in Sources */ = {isa = PBXBuildFile; fileRef = 0C9AF22C2C8C81AD00A3E7F4 /* SupabaseClientProvider.swift */; };
0C9AF22F2C8C81C500A3E7F4 /* AuthService.swift in Sources */ = {isa = PBXBuildFile; fileRef = 0C9AF22E2C8C81C500A3E7F4 /* AuthService.swift */; };
0C9AF2312C8C81F200A3E7F4 /* HouseholdService.swift in Sources */ = {isa = PBXBuildFile; fileRef = 0C9AF2302C8C81F200A3E7F4 /* HouseholdService.swift */; };
0C9AF2332C8C821000A3E7F4 /* ListsService.swift in Sources */ = {isa = PBXBuildFile; fileRef = 0C9AF2322C8C821000A3E7F4 /* ListsService.swift */; };
0C9AF2352C8C822400A3E7F4 /* ItemsService.swift in Sources */ = {isa = PBXBuildFile; fileRef = 0C9AF2342C8C822400A3E7F4 /* ItemsService.swift */; };
0C9AF2372C8C823C00A3E7F4 /* RealtimeService.swift in Sources */ = {isa = PBXBuildFile; fileRef = 0C9AF2362C8C823C00A3E7F4 /* RealtimeService.swift */; };
0C9AF2392C8C825300A3E7F4 /* VoiceService.swift in Sources */ = {isa = PBXBuildFile; fileRef = 0C9AF2382C8C825300A3E7F4 /* VoiceService.swift */; };
0C9AF23B2C8C826600A3E7F4 /* HMACSigner.swift in Sources */ = {isa = PBXBuildFile; fileRef = 0C9AF23A2C8C826600A3E7F4 /* HMACSigner.swift */; };
0C9AF23D2C8C827C00A3E7F4 /* OSLog+Categories.swift in Sources */ = {isa = PBXBuildFile; fileRef = 0C9AF23C2C8C827C00A3E7F4 /* OSLog+Categories.swift */; };
0C9AF2A12C8C900000A3E7F4 /* PostgresChangePayload+Decoding.swift in Sources */ = {isa = PBXBuildFile; fileRef = 0C9AF2A02C8C900000A3E7F4 /* PostgresChangePayload+Decoding.swift */; };
0C9AF23F2C8C829100A3E7F4 /* AuthViewModel.swift in Sources */ = {isa = PBXBuildFile; fileRef = 0C9AF23E2C8C829100A3E7F4 /* AuthViewModel.swift */; };
0C9AF2412C8C82A600A3E7F4 /* AuthView.swift in Sources */ = {isa = PBXBuildFile; fileRef = 0C9AF2402C8C82A600A3E7F4 /* AuthView.swift */; };
0C9AF2432C8C82CA00A3E7F4 /* HomeViewModel.swift in Sources */ = {isa = PBXBuildFile; fileRef = 0C9AF2422C8C82CA00A3E7F4 /* HomeViewModel.swift */; };
0C9AF2452C8C82E000A3E7F4 /* HomeView.swift in Sources */ = {isa = PBXBuildFile; fileRef = 0C9AF2442C8C82E000A3E7F4 /* HomeView.swift */; };
0C9AF2472C8C830000A3E7F4 /* ListsViewModel.swift in Sources */ = {isa = PBXBuildFile; fileRef = 0C9AF2462C8C830000A3E7F4 /* ListsViewModel.swift */; };
0C9AF2492C8C831400A3E7F4 /* ListsView.swift in Sources */ = {isa = PBXBuildFile; fileRef = 0C9AF2482C8C831400A3E7F4 /* ListsView.swift */; };
0C9AF24B2C8C832A00A3E7F4 /* ListDetailViewModel.swift in Sources */ = {isa = PBXBuildFile; fileRef = 0C9AF24A2C8C832A00A3E7F4 /* ListDetailViewModel.swift */; };
0C9AF24D2C8C833E00A3E7F4 /* ListDetailView.swift in Sources */ = {isa = PBXBuildFile; fileRef = 0C9AF24C2C8C833E00A3E7F4 /* ListDetailView.swift */; };
0C9AF24F2C8C835200A3E7F4 /* HouseholdViewModel.swift in Sources */ = {isa = PBXBuildFile; fileRef = 0C9AF24E2C8C835200A3E7F4 /* HouseholdViewModel.swift */; };
0C9AF2512C8C836700A3E7F4 /* HouseholdView.swift in Sources */ = {isa = PBXBuildFile; fileRef = 0C9AF2502C8C836700A3E7F4 /* HouseholdView.swift */; };
0C9AF2532C8C837B00A3E7F4 /* SettingsViewModel.swift in Sources */ = {isa = PBXBuildFile; fileRef = 0C9AF2522C8C837B00A3E7F4 /* SettingsViewModel.swift */; };
0C9AF2552C8C838F00A3E7F4 /* SettingsView.swift in Sources */ = {isa = PBXBuildFile; fileRef = 0C9AF2542C8C838F00A3E7F4 /* SettingsView.swift */; };
0C9AF2572C8C83A800A3E7F4 /* Assets.xcassets in Resources */ = {isa = PBXBuildFile; fileRef = 0C9AF2562C8C83A800A3E7F4 /* Assets.xcassets */; };
0C9AF2592C8C83BA00A3E7F4 /* Colors.xcassets in Resources */ = {isa = PBXBuildFile; fileRef = 0C9AF2582C8C83BA00A3E7F4 /* Colors.xcassets */; };
0C9AF25B2C8C83D600A3E7F4 /* Info.plist in Resources */ = {isa = PBXBuildFile; fileRef = 0C9AF25A2C8C83D600A3E7F4 /* Info.plist */; };
0C9AF25D2C8C83E900A3E7F4 /* Config.plist in Resources */ = {isa = PBXBuildFile; fileRef = 0C9AF25C2C8C83E900A3E7F4 /* Config.plist */; };
0C9AF2612C8C844100A3E7F4 /* README.md in Resources */ = {isa = PBXBuildFile; fileRef = 0C9AF2602C8C844100A3E7F4 /* README.md */; };
0C9AF2652C8C850700A3E7F4 /* HMACSignerTests.swift in Sources */ = {isa = PBXBuildFile; fileRef = 0C9AF2642C8C850700A3E7F4 /* HMACSignerTests.swift */; };
0C9AF2672C8C851700A3E7F4 /* HomeViewModelTests.swift in Sources */ = {isa = PBXBuildFile; fileRef = 0C9AF2662C8C851700A3E7F4 /* HomeViewModelTests.swift */; };
0C9AF26A2C8C853F00A3E7F4 /* HausUndHandUITests.swift in Sources */ = {isa = PBXBuildFile; fileRef = 0C9AF2692C8C853F00A3E7F4 /* HausUndHandUITests.swift */; };
0C9AF26C2C8C855500A3E7F4 /* SnapshotTests.swift in Sources */ = {isa = PBXBuildFile; fileRef = 0C9AF26B2C8C855500A3E7F4 /* SnapshotTests.swift */; };
0C9AF26E2C8C859900A3E7F4 /* 01_schema.sql in Resources */ = {isa = PBXBuildFile; fileRef = 0C9AF26D2C8C859900A3E7F4 /* 01_schema.sql */; };
0C9AF2702C8C85A700A3E7F4 /* 02_policies.sql in Resources */ = {isa = PBXBuildFile; fileRef = 0C9AF26F2C8C85A700A3E7F4 /* 02_policies.sql */; };
0C9AF2722C8C85B200A3E7F4 /* 03_seed.sql in Resources */ = {isa = PBXBuildFile; fileRef = 0C9AF2712C8C85B200A3E7F4 /* 03_seed.sql */; };
0C9AF2742C8C85C100A3E7F4 /* workflow-export.json in Resources */ = {isa = PBXBuildFile; fileRef = 0C9AF2732C8C85C100A3E7F4 /* workflow-export.json */; };
/* End PBXBuildFile section */

/* Begin PBXContainerItemProxy section */
0C9AF2772C8C85F300A3E7F4 /* PBXContainerItemProxy */ = {
isa = PBXContainerItemProxy;
containerPortal = 0C9AF20F2C8C804E00A3E7F4 /* Project object */;
proxyType = 1;
remoteGlobalIDString = 0C9AF2162C8C807700A3E7F4;
remoteInfo = HausUndHand;
};
0C9AF2792C8C85F300A3E7F4 /* PBXContainerItemProxy */ = {
isa = PBXContainerItemProxy;
containerPortal = 0C9AF20F2C8C804E00A3E7F4 /* Project object */;
proxyType = 1;
remoteGlobalIDString = 0C9AF2162C8C807700A3E7F4;
remoteInfo = HausUndHand;
};
/* End PBXContainerItemProxy section */

/* Begin PBXFileReference section */
0C9AF2122C8C804E00A3E7F4 /* HausUndHand.app */ = {isa = PBXFileReference; explicitFileType = wrapper.application; includeInIndex = 0; path = HausUndHand.app; sourceTree = BUILT_PRODUCTS_DIR; };
0C9AF2182C8C807700A3E7F4 /* HausUndHandTests.xctest */ = {isa = PBXFileReference; explicitFileType = wrapper.cfbundle; includeInIndex = 0; path = HausUndHandTests.xctest; sourceTree = BUILT_PRODUCTS_DIR; };
0C9AF21C2C8C807700A3E7F4 /* HausUndHandUITests.xctest */ = {isa = PBXFileReference; explicitFileType = wrapper.cfbundle; includeInIndex = 0; path = HausUndHandUITests.xctest; sourceTree = BUILT_PRODUCTS_DIR; };
0C9AF2202C8C807700A3E7F4 /* HausUndHandSnapshotTests.xctest */ = {isa = PBXFileReference; explicitFileType = wrapper.cfbundle; includeInIndex = 0; path = HausUndHandSnapshotTests.xctest; sourceTree = BUILT_PRODUCTS_DIR; };
0C9AF2212C8C80D600A3E7F4 /* HausUndHandApp.swift */ = {isa = PBXFileReference; lastKnownFileType = sourcecode.swift; path = HausUndHandApp.swift; sourceTree = "<group>"; };
0C9AF2232C8C80E500A3E7F4 /* CompositionRoot.swift */ = {isa = PBXFileReference; lastKnownFileType = sourcecode.swift; path = CompositionRoot.swift; sourceTree = "<group>"; };
0C9AF2252C8C80F600A3E7F4 /* RootView.swift */ = {isa = PBXFileReference; lastKnownFileType = sourcecode.swift; path = RootView.swift; sourceTree = "<group>"; };
0C9AF2272C8C812200A3E7F4 /* DesignTokens.swift */ = {isa = PBXFileReference; lastKnownFileType = sourcecode.swift; path = DesignTokens.swift; sourceTree = "<group>"; };
0C9AF22A2C8C818000A3E7F4 /* Entities.swift */ = {isa = PBXFileReference; lastKnownFileType = sourcecode.swift; path = Entities.swift; sourceTree = "<group>"; };
0C9AF22C2C8C81AD00A3E7F4 /* SupabaseClientProvider.swift */ = {isa = PBXFileReference; lastKnownFileType = sourcecode.swift; path = SupabaseClientProvider.swift; sourceTree = "<group>"; };
0C9AF22E2C8C81C500A3E7F4 /* AuthService.swift */ = {isa = PBXFileReference; lastKnownFileType = sourcecode.swift; path = AuthService.swift; sourceTree = "<group>"; };
0C9AF2302C8C81F200A3E7F4 /* HouseholdService.swift */ = {isa = PBXFileReference; lastKnownFileType = sourcecode.swift; path = HouseholdService.swift; sourceTree = "<group>"; };
0C9AF2322C8C821000A3E7F4 /* ListsService.swift */ = {isa = PBXFileReference; lastKnownFileType = sourcecode.swift; path = ListsService.swift; sourceTree = "<group>"; };
0C9AF2342C8C822400A3E7F4 /* ItemsService.swift */ = {isa = PBXFileReference; lastKnownFileType = sourcecode.swift; path = ItemsService.swift; sourceTree = "<group>"; };
0C9AF2362C8C823C00A3E7F4 /* RealtimeService.swift */ = {isa = PBXFileReference; lastKnownFileType = sourcecode.swift; path = RealtimeService.swift; sourceTree = "<group>"; };
0C9AF2382C8C825300A3E7F4 /* VoiceService.swift */ = {isa = PBXFileReference; lastKnownFileType = sourcecode.swift; path = VoiceService.swift; sourceTree = "<group>"; };
0C9AF23A2C8C826600A3E7F4 /* HMACSigner.swift */ = {isa = PBXFileReference; lastKnownFileType = sourcecode.swift; path = HMACSigner.swift; sourceTree = "<group>"; };
0C9AF23C2C8C827C00A3E7F4 /* OSLog+Categories.swift */ = {isa = PBXFileReference; lastKnownFileType = sourcecode.swift; path = "OSLog+Categories.swift"; sourceTree = "<group>"; };
0C9AF2A02C8C900000A3E7F4 /* PostgresChangePayload+Decoding.swift */ = {isa = PBXFileReference; lastKnownFileType = sourcecode.swift; path = "PostgresChangePayload+Decoding.swift"; sourceTree = "<group>"; };
0C9AF23E2C8C829100A3E7F4 /* AuthViewModel.swift */ = {isa = PBXFileReference; lastKnownFileType = sourcecode.swift; path = AuthViewModel.swift; sourceTree = "<group>"; };
0C9AF2402C8C82A600A3E7F4 /* AuthView.swift */ = {isa = PBXFileReference; lastKnownFileType = sourcecode.swift; path = AuthView.swift; sourceTree = "<group>"; };
0C9AF2422C8C82CA00A3E7F4 /* HomeViewModel.swift */ = {isa = PBXFileReference; lastKnownFileType = sourcecode.swift; path = HomeViewModel.swift; sourceTree = "<group>"; };
0C9AF2442C8C82E000A3E7F4 /* HomeView.swift */ = {isa = PBXFileReference; lastKnownFileType = sourcecode.swift; path = HomeView.swift; sourceTree = "<group>"; };
0C9AF2462C8C830000A3E7F4 /* ListsViewModel.swift */ = {isa = PBXFileReference; lastKnownFileType = sourcecode.swift; path = ListsViewModel.swift; sourceTree = "<group>"; };
0C9AF2482C8C831400A3E7F4 /* ListsView.swift */ = {isa = PBXFileReference; lastKnownFileType = sourcecode.swift; path = ListsView.swift; sourceTree = "<group>"; };
0C9AF24A2C8C832A00A3E7F4 /* ListDetailViewModel.swift */ = {isa = PBXFileReference; lastKnownFileType = sourcecode.swift; path = ListDetailViewModel.swift; sourceTree = "<group>"; };
0C9AF24C2C8C833E00A3E7F4 /* ListDetailView.swift */ = {isa = PBXFileReference; lastKnownFileType = sourcecode.swift; path = ListDetailView.swift; sourceTree = "<group>"; };
0C9AF24E2C8C835200A3E7F4 /* HouseholdViewModel.swift */ = {isa = PBXFileReference; lastKnownFileType = sourcecode.swift; path = HouseholdViewModel.swift; sourceTree = "<group>"; };
0C9AF2502C8C836700A3E7F4 /* HouseholdView.swift */ = {isa = PBXFileReference; lastKnownFileType = sourcecode.swift; path = HouseholdView.swift; sourceTree = "<group>"; };
0C9AF2522C8C837B00A3E7F4 /* SettingsViewModel.swift */ = {isa = PBXFileReference; lastKnownFileType = sourcecode.swift; path = SettingsViewModel.swift; sourceTree = "<group>"; };
0C9AF2542C8C838F00A3E7F4 /* SettingsView.swift */ = {isa = PBXFileReference; lastKnownFileType = sourcecode.swift; path = SettingsView.swift; sourceTree = "<group>"; };
0C9AF2562C8C83A800A3E7F4 /* Assets.xcassets */ = {isa = PBXFileReference; lastKnownFileType = folder.assetcatalog; path = Assets.xcassets; sourceTree = "<group>"; };
0C9AF2582C8C83BA00A3E7F4 /* Colors.xcassets */ = {isa = PBXFileReference; lastKnownFileType = folder.assetcatalog; path = Colors.xcassets; sourceTree = "<group>"; };
0C9AF25A2C8C83D600A3E7F4 /* Info.plist */ = {isa = PBXFileReference; lastKnownFileType = text.plist.xml; path = Info.plist; sourceTree = "<group>"; };
0C9AF25C2C8C83E900A3E7F4 /* Config.plist */ = {isa = PBXFileReference; lastKnownFileType = text.plist.xml; path = Config.plist; sourceTree = "<group>"; };
0C9AF2602C8C844100A3E7F4 /* README.md */ = {isa = PBXFileReference; lastKnownFileType = net.daringfireball.markdown; path = README.md; sourceTree = "<group>"; };
0C9AF2642C8C850700A3E7F4 /* HMACSignerTests.swift */ = {isa = PBXFileReference; lastKnownFileType = sourcecode.swift; path = HMACSignerTests.swift; sourceTree = "<group>"; };
0C9AF2662C8C851700A3E7F4 /* HomeViewModelTests.swift */ = {isa = PBXFileReference; lastKnownFileType = sourcecode.swift; path = HomeViewModelTests.swift; sourceTree = "<group>"; };
0C9AF2692C8C853F00A3E7F4 /* HausUndHandUITests.swift */ = {isa = PBXFileReference; lastKnownFileType = sourcecode.swift; path = HausUndHandUITests.swift; sourceTree = "<group>"; };
0C9AF26B2C8C855500A3E7F4 /* SnapshotTests.swift */ = {isa = PBXFileReference; lastKnownFileType = sourcecode.swift; path = SnapshotTests.swift; sourceTree = "<group>"; };
0C9AF26D2C8C859900A3E7F4 /* 01_schema.sql */ = {isa = PBXFileReference; lastKnownFileType = text; path = 01_schema.sql; sourceTree = "<group>"; };
0C9AF26F2C8C85A700A3E7F4 /* 02_policies.sql */ = {isa = PBXFileReference; lastKnownFileType = text; path = 02_policies.sql; sourceTree = "<group>"; };
0C9AF2712C8C85B200A3E7F4 /* 03_seed.sql */ = {isa = PBXFileReference; lastKnownFileType = text; path = 03_seed.sql; sourceTree = "<group>"; };
0C9AF2732C8C85C100A3E7F4 /* workflow-export.json */ = {isa = PBXFileReference; lastKnownFileType = text.json; path = "workflow-export.json"; sourceTree = "<group>"; };
0C9AF27D2C8C868700A3E7F4 /* Config.example.plist */ = {isa = PBXFileReference; lastKnownFileType = text.plist.xml; path = Config.example.plist; sourceTree = "<group>"; };
/* End PBXFileReference section */
/* Begin PBXFrameworksBuildPhase section */
0C9AF20F2C8C805C00A3E7F4 /* Frameworks */ = {
isa = PBXFrameworksBuildPhase;
buildActionMask = 2147483647;
files = (
);
runOnlyForDeploymentPostprocessing = 0;
};
0C9AF2172C8C807700A3E7F4 /* Frameworks */ = {
isa = PBXFrameworksBuildPhase;
buildActionMask = 2147483647;
files = (
);
runOnlyForDeploymentPostprocessing = 0;
};
0C9AF21B2C8C807700A3E7F4 /* Frameworks */ = {
isa = PBXFrameworksBuildPhase;
buildActionMask = 2147483647;
files = (
);
runOnlyForDeploymentPostprocessing = 0;
};
0C9AF21F2C8C807700A3E7F4 /* Frameworks */ = {
isa = PBXFrameworksBuildPhase;
buildActionMask = 2147483647;
files = (
);
runOnlyForDeploymentPostprocessing = 0;
};
/* End PBXFrameworksBuildPhase section */

/* Begin PBXGroup section */
0C9AF2082C8C804E00A3E7F4 = {
isa = PBXGroup;
children = (
0C9AF25E2C8C842400A3E7F4 /* HausUndHand */,
0C9AF2632C8C84E900A3E7F4 /* Tests */,
0C9AF2132C8C804E00A3E7F4 /* Products */
);
sourceTree = "<group>";
};
0C9AF2132C8C804E00A3E7F4 /* Products */ = {
isa = PBXGroup;
children = (
0C9AF2122C8C804E00A3E7F4 /* HausUndHand.app */,
0C9AF2182C8C807700A3E7F4 /* HausUndHandTests.xctest */,
0C9AF21C2C8C807700A3E7F4 /* HausUndHandUITests.xctest */,
0C9AF2202C8C807700A3E7F4 /* HausUndHandSnapshotTests.xctest */
);
sourceTree = "<group>";
};
0C9AF25E2C8C842400A3E7F4 /* HausUndHand */ = {
isa = PBXGroup;
children = (
0C9AF25F2C8C843200A3E7F4 /* Sources */,
0C9AF26D2C8C859900A3E7F4 /* 01_schema.sql */,
0C9AF26F2C8C85A700A3E7F4 /* 02_policies.sql */,
0C9AF2712C8C85B200A3E7F4 /* 03_seed.sql */,
0C9AF2732C8C85C100A3E7F4 /* workflow-export.json */,
0C9AF2602C8C844100A3E7F4 /* README.md */,
0C9AF25A2C8C83D600A3E7F4 /* Info.plist */,
0C9AF25C2C8C83E900A3E7F4 /* Config.plist */,
0C9AF27D2C8C868700A3E7F4 /* Config.example.plist */
);
path = HausUndHand;
sourceTree = "<group>";
};
0C9AF25F2C8C843200A3E7F4 /* Sources */ = {
isa = PBXGroup;
children = (
0C9AF2802C8C86A700A3E7F4 /* App */,
0C9AF2822C8C86B800A3E7F4 /* DesignSystem */,
0C9AF2842C8C86CB00A3E7F4 /* Features */,
0C9AF28E2C8C872600A3E7F4 /* Models */,
0C9AF2902C8C873700A3E7F4 /* Services */,
0C9AF2962C8C876300A3E7F4 /* Utils */
);
path = Sources;
sourceTree = "<group>";
};
0C9AF2632C8C84E900A3E7F4 /* Tests */ = {
isa = PBXGroup;
children = (
0C9AF2622C8C84D500A3E7F4 /* UnitTests */,
0C9AF2682C8C852700A3E7F4 /* UITests */,
0C9AF26A2C8C854600A3E7F4 /* SnapshotTests */
);
path = Tests;
sourceTree = "<group>";
};
0C9AF2622C8C84D500A3E7F4 /* UnitTests */ = {
isa = PBXGroup;
children = (
0C9AF2642C8C850700A3E7F4 /* HMACSignerTests.swift */,
0C9AF2662C8C851700A3E7F4 /* HomeViewModelTests.swift */
);
path = UnitTests;
sourceTree = "<group>";
};
0C9AF2682C8C852700A3E7F4 /* UITests */ = {
isa = PBXGroup;
children = (
0C9AF2692C8C853F00A3E7F4 /* HausUndHandUITests.swift */
);
path = UITests;
sourceTree = "<group>";
};
0C9AF26A2C8C854600A3E7F4 /* SnapshotTests */ = {
isa = PBXGroup;
children = (
0C9AF26B2C8C855500A3E7F4 /* SnapshotTests.swift */
);
path = SnapshotTests;
sourceTree = "<group>";
};
0C9AF2802C8C86A700A3E7F4 /* App */ = {
isa = PBXGroup;
children = (
0C9AF2212C8C80D600A3E7F4 /* HausUndHandApp.swift */,
0C9AF2232C8C80E500A3E7F4 /* CompositionRoot.swift */,
0C9AF2252C8C80F600A3E7F4 /* RootView.swift */
);
path = App;
sourceTree = "<group>";
};
0C9AF2822C8C86B800A3E7F4 /* DesignSystem */ = {
isa = PBXGroup;
children = (
0C9AF2272C8C812200A3E7F4 /* DesignTokens.swift */,
0C9AF2582C8C83BA00A3E7F4 /* Colors.xcassets */,
0C9AF2562C8C83A800A3E7F4 /* Assets.xcassets */
);
path = DesignSystem;
sourceTree = "<group>";
};
0C9AF2842C8C86CB00A3E7F4 /* Features */ = {
isa = PBXGroup;
children = (
0C9AF2862C8C86DE00A3E7F4 /* Auth */,
0C9AF2882C8C86F000A3E7F4 /* Home */,
0C9AF28A2C8C870200A3E7F4 /* Lists */,
0C9AF28C2C8C871400A3E7F4 /* Household */,
0C9AF28E2C8C872600A3E7F4 /* Settings */
);
path = Features;
sourceTree = "<group>";
};
0C9AF2862C8C86DE00A3E7F4 /* Auth */ = {
isa = PBXGroup;
children = (
0C9AF23E2C8C829100A3E7F4 /* AuthViewModel.swift */,
0C9AF2402C8C82A600A3E7F4 /* AuthView.swift */
);
path = Auth;
sourceTree = "<group>";
};
0C9AF2882C8C86F000A3E7F4 /* Home */ = {
isa = PBXGroup;
children = (
0C9AF2422C8C82CA00A3E7F4 /* HomeViewModel.swift */,
0C9AF2442C8C82E000A3E7F4 /* HomeView.swift */
);
path = Home;
sourceTree = "<group>";
};
0C9AF28A2C8C870200A3E7F4 /* Lists */ = {
isa = PBXGroup;
children = (
0C9AF2462C8C830000A3E7F4 /* ListsViewModel.swift */,
0C9AF2482C8C831400A3E7F4 /* ListsView.swift */,
0C9AF24A2C8C832A00A3E7F4 /* ListDetailViewModel.swift */,
0C9AF24C2C8C833E00A3E7F4 /* ListDetailView.swift */
);
path = Lists;
sourceTree = "<group>";
};
0C9AF28C2C8C871400A3E7F4 /* Household */ = {
isa = PBXGroup;
children = (
0C9AF24E2C8C835200A3E7F4 /* HouseholdViewModel.swift */,
0C9AF2502C8C836700A3E7F4 /* HouseholdView.swift */
);
path = Household;
sourceTree = "<group>";
};
0C9AF28E2C8C872600A3E7F4 /* Settings */ = {
isa = PBXGroup;
children = (
0C9AF2522C8C837B00A3E7F4 /* SettingsViewModel.swift */,
0C9AF2542C8C838F00A3E7F4 /* SettingsView.swift */
);
path = Settings;
sourceTree = "<group>";
};
0C9AF28E2C8C872600A3E7F4 /* Models */ = {
isa = PBXGroup;
children = (
0C9AF22A2C8C818000A3E7F4 /* Entities.swift */
);
path = Models;
sourceTree = "<group>";
};
0C9AF2902C8C873700A3E7F4 /* Services */ = {
isa = PBXGroup;
children = (
0C9AF22C2C8C81AD00A3E7F4 /* SupabaseClientProvider.swift */,
0C9AF22E2C8C81C500A3E7F4 /* AuthService.swift */,
0C9AF2302C8C81F200A3E7F4 /* HouseholdService.swift */,
0C9AF2322C8C821000A3E7F4 /* ListsService.swift */,
0C9AF2342C8C822400A3E7F4 /* ItemsService.swift */,
0C9AF2362C8C823C00A3E7F4 /* RealtimeService.swift */,
0C9AF2382C8C825300A3E7F4 /* VoiceService.swift */,
0C9AF23A2C8C826600A3E7F4 /* HMACSigner.swift */
);
path = Services;
sourceTree = "<group>";
};
0C9AF2962C8C876300A3E7F4 /* Utils */ = {
isa = PBXGroup;
children = (
0C9AF23C2C8C827C00A3E7F4 /* OSLog+Categories.swift */,
0C9AF2A02C8C900000A3E7F4 /* PostgresChangePayload+Decoding.swift */
);
path = Utils;
sourceTree = "<group>";
};
/* End PBXGroup section */
/* Begin PBXNativeTarget section */
0C9AF2162C8C807700A3E7F4 /* HausUndHand */ = {
isa = PBXNativeTarget;
buildConfigurationList = 0C9AF27A2C8C860F00A3E7F4 /* Build configuration list for PBXNativeTarget "HausUndHand" */;
buildPhases = (
0C9AF20E2C8C805C00A3E7F4 /* Sources */,
0C9AF20F2C8C805C00A3E7F4 /* Frameworks */,
0C9AF2102C8C805C00A3E7F4 /* Resources */
);
buildRules = (
);
dependencies = (
);
name = HausUndHand;
packageProductDependencies = (
0C9AF27E2C8C869100A3E7F4 /* Supabase */
);
productName = HausUndHand;
productReference = 0C9AF2122C8C804E00A3E7F4 /* HausUndHand.app */;
productType = "com.apple.product-type.application";
};
0C9AF2172C8C807700A3E7F4 /* HausUndHandTests */ = {
isa = PBXNativeTarget;
buildConfigurationList = 0C9AF27B2C8C860F00A3E7F4 /* Build configuration list for PBXNativeTarget "HausUndHandTests" */;
buildPhases = (
0C9AF2172C8C807700A3E7F4 /* Sources */,
0C9AF2172C8C807700A3E7F4 /* Frameworks */,
0C9AF2172C8C807700A3E7F4 /* Resources */
);
dependencies = (
0C9AF2782C8C85F300A3E7F4 /* PBXTargetDependency */
);
name = HausUndHandTests;
productName = HausUndHandTests;
productReference = 0C9AF2182C8C807700A3E7F4 /* HausUndHandTests.xctest */;
productType = "com.apple.product-type.bundle.unit-test";
};
0C9AF21B2C8C807700A3E7F4 /* HausUndHandUITests */ = {
isa = PBXNativeTarget;
buildConfigurationList = 0C9AF27C2C8C860F00A3E7F4 /* Build configuration list for PBXNativeTarget "HausUndHandUITests" */;
buildPhases = (
0C9AF21A2C8C807700A3E7F4 /* Sources */,
0C9AF21B2C8C807700A3E7F4 /* Frameworks */,
0C9AF21B2C8C807700A3E7F4 /* Resources */
);
dependencies = (
0C9AF2792C8C85F300A3E7F4 /* PBXTargetDependency */
);
name = HausUndHandUITests;
productName = HausUndHandUITests;
productReference = 0C9AF21C2C8C807700A3E7F4 /* HausUndHandUITests.xctest */;
productType = "com.apple.product-type.bundle.ui-testing";
};
0C9AF21F2C8C807700A3E7F4 /* HausUndHandSnapshotTests */ = {
isa = PBXNativeTarget;
buildConfigurationList = 0C9AF27D2C8C860F00A3E7F4 /* Build configuration list for PBXNativeTarget "HausUndHandSnapshotTests" */;
buildPhases = (
0C9AF21E2C8C807700A3E7F4 /* Sources */,
0C9AF21F2C8C807700A3E7F4 /* Frameworks */,
0C9AF21F2C8C807700A3E7F4 /* Resources */
);
dependencies = (
);
name = HausUndHandSnapshotTests;
productName = HausUndHandSnapshotTests;
productReference = 0C9AF2202C8C807700A3E7F4 /* HausUndHandSnapshotTests.xctest */;
productType = "com.apple.product-type.bundle.unit-test";
};
/* End PBXNativeTarget section */

/* Begin PBXProject section */
0C9AF20F2C8C804E00A3E7F4 /* Project object */ = {
isa = PBXProject;
attributes = {
BuildIndependentTargetsInParallel = 1;
LastSwiftUpdateCheck = 1550;
LastUpgradeCheck = 1550;
ORGANIZATIONNAME = "Haus & Hand";
TargetAttributes = {
0C9AF2162C8C807700A3E7F4 = {
CreatedOnToolsVersion = 15.4;
};
0C9AF2172C8C807700A3E7F4 = {
CreatedOnToolsVersion = 15.4;
TestTargetID = 0C9AF2162C8C807700A3E7F4;
};
0C9AF21B2C8C807700A3E7F4 = {
CreatedOnToolsVersion = 15.4;
TestTargetID = 0C9AF2162C8C807700A3E7F4;
};
0C9AF21F2C8C807700A3E7F4 = {
CreatedOnToolsVersion = 15.4;
};
};
};
buildConfigurationList = 0C9AF2142C8C804E00A3E7F4 /* Build configuration list for PBXProject "HausUndHand" */;
compatibilityVersion = "Xcode 14.0";
developmentRegion = de;
hasScannedForEncodings = 0;
knownRegions = (
de,
en,
);
mainGroup = 0C9AF2082C8C804E00A3E7F4;
packageReferences = (
0C9AF27F2C8C869100A3E7F4 /* XCRemoteSwiftPackageReference "supabase-swift" */
);
productRefGroup = 0C9AF2132C8C804E00A3E7F4 /* Products */;
projectDirPath = "";
projectRoot = "";
targets = (
0C9AF2162C8C807700A3E7F4 /* HausUndHand */,
0C9AF2172C8C807700A3E7F4 /* HausUndHandTests */,
0C9AF21B2C8C807700A3E7F4 /* HausUndHandUITests */,
0C9AF21F2C8C807700A3E7F4 /* HausUndHandSnapshotTests */
);
};
/* End PBXProject section */
/* Begin PBXResourcesBuildPhase section */
0C9AF2102C8C805C00A3E7F4 /* Resources */ = {
isa = PBXResourcesBuildPhase;
buildActionMask = 2147483647;
files = (
0C9AF2572C8C83A800A3E7F4 /* Assets.xcassets in Resources */,
0C9AF2592C8C83BA00A3E7F4 /* Colors.xcassets in Resources */,
0C9AF25D2C8C83E900A3E7F4 /* Config.plist in Resources */,
0C9AF25B2C8C83D600A3E7F4 /* Info.plist in Resources */,
0C9AF2612C8C844100A3E7F4 /* README.md in Resources */,
0C9AF26E2C8C859900A3E7F4 /* 01_schema.sql in Resources */,
0C9AF2702C8C85A700A3E7F4 /* 02_policies.sql in Resources */,
0C9AF2722C8C85B200A3E7F4 /* 03_seed.sql in Resources */,
0C9AF2742C8C85C100A3E7F4 /* workflow-export.json in Resources */
);
runOnlyForDeploymentPostprocessing = 0;
};
/* End PBXResourcesBuildPhase section */

/* Begin PBXSourcesBuildPhase section */
0C9AF20E2C8C805C00A3E7F4 /* Sources */ = {
isa = PBXSourcesBuildPhase;
buildActionMask = 2147483647;
files = (
0C9AF2222C8C80D600A3E7F4 /* HausUndHandApp.swift in Sources */,
0C9AF2242C8C80E500A3E7F4 /* CompositionRoot.swift in Sources */,
0C9AF2262C8C80F600A3E7F4 /* RootView.swift in Sources */,
0C9AF2282C8C812200A3E7F4 /* DesignTokens.swift in Sources */,
0C9AF22B2C8C818000A3E7F4 /* Entities.swift in Sources */,
0C9AF22D2C8C81AD00A3E7F4 /* SupabaseClientProvider.swift in Sources */,
0C9AF22F2C8C81C500A3E7F4 /* AuthService.swift in Sources */,
0C9AF2312C8C81F200A3E7F4 /* HouseholdService.swift in Sources */,
0C9AF2332C8C821000A3E7F4 /* ListsService.swift in Sources */,
0C9AF2352C8C822400A3E7F4 /* ItemsService.swift in Sources */,
0C9AF2372C8C823C00A3E7F4 /* RealtimeService.swift in Sources */,
0C9AF2392C8C825300A3E7F4 /* VoiceService.swift in Sources */,
0C9AF23B2C8C826600A3E7F4 /* HMACSigner.swift in Sources */,
0C9AF23D2C8C827C00A3E7F4 /* OSLog+Categories.swift in Sources */,
0C9AF2A12C8C900000A3E7F4 /* PostgresChangePayload+Decoding.swift in Sources */,
0C9AF23F2C8C829100A3E7F4 /* AuthViewModel.swift in Sources */,
0C9AF2412C8C82A600A3E7F4 /* AuthView.swift in Sources */,
0C9AF2432C8C82CA00A3E7F4 /* HomeViewModel.swift in Sources */,
0C9AF2452C8C82E000A3E7F4 /* HomeView.swift in Sources */,
0C9AF2472C8C830000A3E7F4 /* ListsViewModel.swift in Sources */,
0C9AF2492C8C831400A3E7F4 /* ListsView.swift in Sources */,
0C9AF24B2C8C832A00A3E7F4 /* ListDetailViewModel.swift in Sources */,
0C9AF24D2C8C833E00A3E7F4 /* ListDetailView.swift in Sources */,
0C9AF24F2C8C835200A3E7F4 /* HouseholdViewModel.swift in Sources */,
0C9AF2512C8C836700A3E7F4 /* HouseholdView.swift in Sources */,
0C9AF2532C8C837B00A3E7F4 /* SettingsViewModel.swift in Sources */,
0C9AF2552C8C838F00A3E7F4 /* SettingsView.swift in Sources */
);
runOnlyForDeploymentPostprocessing = 0;
};
0C9AF2172C8C807700A3E7F4 /* Sources */ = {
isa = PBXSourcesBuildPhase;
buildActionMask = 2147483647;
files = (
0C9AF2652C8C850700A3E7F4 /* HMACSignerTests.swift in Sources */,
0C9AF2672C8C851700A3E7F4 /* HomeViewModelTests.swift in Sources */
);
runOnlyForDeploymentPostprocessing = 0;
};
0C9AF21A2C8C807700A3E7F4 /* Sources */ = {
isa = PBXSourcesBuildPhase;
buildActionMask = 2147483647;
files = (
0C9AF26A2C8C853F00A3E7F4 /* HausUndHandUITests.swift in Sources */
);
runOnlyForDeploymentPostprocessing = 0;
};
0C9AF21E2C8C807700A3E7F4 /* Sources */ = {
isa = PBXSourcesBuildPhase;
buildActionMask = 2147483647;
files = (
0C9AF26C2C8C855500A3E7F4 /* SnapshotTests.swift in Sources */
);
runOnlyForDeploymentPostprocessing = 0;
};
/* End PBXSourcesBuildPhase section */

/* Begin PBXTargetDependency section */
0C9AF2782C8C85F300A3E7F4 /* PBXTargetDependency */ = {
isa = PBXTargetDependency;
target = 0C9AF2162C8C807700A3E7F4 /* HausUndHand */;
targetProxy = 0C9AF2772C8C85F300A3E7F4 /* PBXContainerItemProxy */;
};
0C9AF2792C8C85F300A3E7F4 /* PBXTargetDependency */ = {
isa = PBXTargetDependency;
target = 0C9AF2162C8C807700A3E7F4 /* HausUndHand */;
targetProxy = 0C9AF2792C8C85F300A3E7F4 /* PBXContainerItemProxy */;
};
/* End PBXTargetDependency section */
/* Begin XCBuildConfiguration section */
0C9AF2152C8C804E00A3E7F4 /* Debug */ = {
isa = XCBuildConfiguration;
buildSettings = {
ALWAYS_SEARCH_USER_PATHS = NO;
CLANG_ANALYZER_NONNULL = YES;
CLANG_ANALYZER_NUMBER_OBJECT_CONVERSION = YES_AGGRESSIVE;
CLANG_CXX_LANGUAGE_STANDARD = "gnu++20";
CLANG_ENABLE_MODULES = YES;
CLANG_ENABLE_OBJC_ARC = YES;
CLANG_WARN_BLOCK_CAPTURE_AUTORELEASING = YES;
CLANG_WARN_BOOL_CONVERSION = YES;
CLANG_WARN_COMMA = YES;
CLANG_WARN_CONSTANT_CONVERSION = YES;
CLANG_WARN_DEPRECATED_OBJC_IMPLEMENTATIONS = YES;
CLANG_WARN_DIRECT_OBJC_ISA_USAGE = YES_ERROR;
CLANG_WARN_DOCUMENTATION_COMMENTS = YES;
CLANG_WARN_EMPTY_BODY = YES;
CLANG_WARN_ENUM_CONVERSION = YES;
CLANG_WARN_INFINITE_RECURSION = YES;
CLANG_WARN_INT_CONVERSION = YES;
CLANG_WARN_NON_LITERAL_NULL_CONVERSION = YES;
CLANG_WARN_OBJC_IMPLICIT_RETAIN_SELF = YES;
CLANG_WARN_OBJC_LITERAL_CONVERSION = YES;
CLANG_WARN_OBJC_ROOT_CLASS = YES_ERROR;
CLANG_WARN_RANGE_LOOP_ANALYSIS = YES;
CLANG_WARN_STRICT_PROTOTYPES = YES;
CLANG_WARN_SUSPICIOUS_MOVE = YES;
CLANG_WARN_UNGUARDED_AVAILABILITY = YES_AGGRESSIVE;
CODE_SIGN_STYLE = Automatic;
COPY_PHASE_STRIP = NO;
DEVELOPMENT_TEAM = "";
ENABLE_STRICT_OBJC_MSGSEND = YES;
GCC_C_LANGUAGE_STANDARD = gnu17;
GCC_DYNAMIC_NO_PIC = NO;
GCC_NO_COMMON_BLOCKS = YES;
GCC_OPTIMIZATION_LEVEL = 0;
GCC_PREPROCESSOR_DEFINITIONS = (
"DEBUG=1",
"$(inherited)",
);
GCC_WARN_64_TO_32_BIT_CONVERSION = YES;
GCC_WARN_ABOUT_RETURN_TYPE = YES_ERROR;
GCC_WARN_UNDECLARED_SELECTOR = YES;
GCC_WARN_UNINITIALIZED_AUTOS = YES_AGGRESSIVE;
GCC_WARN_UNUSED_FUNCTION = YES;
GCC_WARN_UNUSED_VARIABLE = YES;
IPHONEOS_DEPLOYMENT_TARGET = 17.0;
MTL_ENABLE_DEBUG_INFO = INCLUDE_SOURCE;
ONLY_ACTIVE_ARCH = YES;
SWIFT_ACTIVE_COMPILATION_CONDITIONS = DEBUG;
SWIFT_OPTIMIZATION_LEVEL = "-Onone";
SWIFT_VERSION = 5.0;
TARGETED_DEVICE_FAMILY = "1";
};
name = Debug;
};
0C9AF2162C8C804E00A3E7F4 /* Release */ = {
isa = XCBuildConfiguration;
buildSettings = {
ALWAYS_SEARCH_USER_PATHS = NO;
CLANG_ANALYZER_NONNULL = YES;
CLANG_ANALYZER_NUMBER_OBJECT_CONVERSION = YES_AGGRESSIVE;
CLANG_CXX_LANGUAGE_STANDARD = "gnu++20";
CLANG_ENABLE_MODULES = YES;
CLANG_ENABLE_OBJC_ARC = YES;
CLANG_WARN_BLOCK_CAPTURE_AUTORELEASING = YES;
CLANG_WARN_BOOL_CONVERSION = YES;
CLANG_WARN_COMMA = YES;
CLANG_WARN_CONSTANT_CONVERSION = YES;
CLANG_WARN_DEPRECATED_OBJC_IMPLEMENTATIONS = YES;
CLANG_WARN_DIRECT_OBJC_ISA_USAGE = YES_ERROR;
CLANG_WARN_DOCUMENTATION_COMMENTS = YES;
CLANG_WARN_EMPTY_BODY = YES;
CLANG_WARN_ENUM_CONVERSION = YES;
CLANG_WARN_INFINITE_RECURSION = YES;
CLANG_WARN_INT_CONVERSION = YES;
CLANG_WARN_NON_LITERAL_NULL_CONVERSION = YES;
CLANG_WARN_OBJC_IMPLICIT_RETAIN_SELF = YES;
CLANG_WARN_OBJC_LITERAL_CONVERSION = YES;
CLANG_WARN_OBJC_ROOT_CLASS = YES_ERROR;
CLANG_WARN_RANGE_LOOP_ANALYSIS = YES;
CLANG_WARN_STRICT_PROTOTYPES = YES;
CLANG_WARN_SUSPICIOUS_MOVE = YES;
CLANG_WARN_UNGUARDED_AVAILABILITY = YES_AGGRESSIVE;
CODE_SIGN_STYLE = Automatic;
COPY_PHASE_STRIP = NO;
DEVELOPMENT_TEAM = "";
ENABLE_NS_ASSERTIONS = NO;
ENABLE_STRICT_OBJC_MSGSEND = YES;
GCC_C_LANGUAGE_STANDARD = gnu17;
GCC_NO_COMMON_BLOCKS = YES;
GCC_WARN_64_TO_32_BIT_CONVERSION = YES;
GCC_WARN_ABOUT_RETURN_TYPE = YES_ERROR;
GCC_WARN_UNDECLARED_SELECTOR = YES;
GCC_WARN_UNINITIALIZED_AUTOS = YES_AGGRESSIVE;
GCC_WARN_UNUSED_FUNCTION = YES;
GCC_WARN_UNUSED_VARIABLE = YES;
IPHONEOS_DEPLOYMENT_TARGET = 17.0;
MTL_ENABLE_DEBUG_INFO = NO;
SWIFT_OPTIMIZATION_LEVEL = "-O";
SWIFT_VERSION = 5.0;
TARGETED_DEVICE_FAMILY = "1";
};
name = Release;
};
0C9AF27A2C8C860F00A3E7F4 /* Debug */ = {
isa = XCBuildConfiguration;
buildSettings = {
ASSETCATALOG_COMPILER_APPICON_NAME = AppIcon;
CODE_SIGN_STYLE = Automatic;
DEVELOPMENT_TEAM = "";
INFOPLIST_FILE = HausUndHand/Info.plist;
IPHONEOS_DEPLOYMENT_TARGET = 17.0;
LD_RUNPATH_SEARCH_PATHS = "$(inherited) @executable_path/Frameworks";
PRODUCT_BUNDLE_IDENTIFIER = app.hausundhand;
PRODUCT_NAME = "$(TARGET_NAME)";
SWIFT_VERSION = 5.0;
TARGETED_DEVICE_FAMILY = "1";
SUPPORTS_MACCATALYST = NO;
};
name = Debug;
};
0C9AF27B2C8C860F00A3E7F4 /* Release */ = {
isa = XCBuildConfiguration;
buildSettings = {
ASSETCATALOG_COMPILER_APPICON_NAME = AppIcon;
CODE_SIGN_STYLE = Automatic;
DEVELOPMENT_TEAM = "";
INFOPLIST_FILE = HausUndHand/Info.plist;
IPHONEOS_DEPLOYMENT_TARGET = 17.0;
LD_RUNPATH_SEARCH_PATHS = "$(inherited) @executable_path/Frameworks";
PRODUCT_BUNDLE_IDENTIFIER = app.hausundhand;
PRODUCT_NAME = "$(TARGET_NAME)";
SWIFT_VERSION = 5.0;
TARGETED_DEVICE_FAMILY = "1";
SUPPORTS_MACCATALYST = NO;
};
name = Release;
};
0C9AF27C2C8C860F00A3E7F4 /* Debug */ = {
isa = XCBuildConfiguration;
buildSettings = {
CODE_SIGN_STYLE = Automatic;
DEVELOPMENT_TEAM = "";
INFOPLIST_FILE = HausUndHand/Info.plist;
IPHONEOS_DEPLOYMENT_TARGET = 17.0;
LD_RUNPATH_SEARCH_PATHS = "$(inherited) @executable_path/Frameworks @loader_path/Frameworks";
PRODUCT_BUNDLE_IDENTIFIER = app.hausundhandTests;
PRODUCT_NAME = "$(TARGET_NAME)";
SWIFT_VERSION = 5.0;
TARGETED_DEVICE_FAMILY = "1";
};
name = Debug;
};
0C9AF27D2C8C860F00A3E7F4 /* Release */ = {
isa = XCBuildConfiguration;
buildSettings = {
CODE_SIGN_STYLE = Automatic;
DEVELOPMENT_TEAM = "";
INFOPLIST_FILE = HausUndHand/Info.plist;
IPHONEOS_DEPLOYMENT_TARGET = 17.0;
LD_RUNPATH_SEARCH_PATHS = "$(inherited) @executable_path/Frameworks @loader_path/Frameworks";
PRODUCT_BUNDLE_IDENTIFIER = app.hausundhandTests;
PRODUCT_NAME = "$(TARGET_NAME)";
SWIFT_VERSION = 5.0;
TARGETED_DEVICE_FAMILY = "1";
};
name = Release;
};
/* End XCBuildConfiguration section */

/* Begin XCConfigurationList section */
0C9AF2142C8C804E00A3E7F4 /* Build configuration list for PBXProject "HausUndHand" */ = {
isa = XCConfigurationList;
buildConfigurations = (
0C9AF2152C8C804E00A3E7F4 /* Debug */,
0C9AF2162C8C804E00A3E7F4 /* Release */
);
defaultConfigurationIsVisible = 0;
defaultConfigurationName = Release;
};
0C9AF27A2C8C860F00A3E7F4 /* Build configuration list for PBXNativeTarget "HausUndHand" */ = {
isa = XCConfigurationList;
buildConfigurations = (
0C9AF27A2C8C860F00A3E7F4 /* Debug */,
0C9AF27B2C8C860F00A3E7F4 /* Release */
);
defaultConfigurationIsVisible = 0;
defaultConfigurationName = Release;
};
0C9AF27B2C8C860F00A3E7F4 /* Build configuration list for PBXNativeTarget "HausUndHandTests" */ = {
isa = XCConfigurationList;
buildConfigurations = (
0C9AF27C2C8C860F00A3E7F4 /* Debug */,
0C9AF27D2C8C860F00A3E7F4 /* Release */
);
defaultConfigurationIsVisible = 0;
defaultConfigurationName = Release;
};
0C9AF27C2C8C860F00A3E7F4 /* Build configuration list for PBXNativeTarget "HausUndHandUITests" */ = {
isa = XCConfigurationList;
buildConfigurations = (
0C9AF27C2C8C860F00A3E7F4 /* Debug */,
0C9AF27D2C8C860F00A3E7F4 /* Release */
);
defaultConfigurationIsVisible = 0;
defaultConfigurationName = Release;
};
0C9AF27D2C8C860F00A3E7F4 /* Build configuration list for PBXNativeTarget "HausUndHandSnapshotTests" */ = {
isa = XCConfigurationList;
buildConfigurations = (
0C9AF27C2C8C860F00A3E7F4 /* Debug */,
0C9AF27D2C8C860F00A3E7F4 /* Release */
);
defaultConfigurationIsVisible = 0;
defaultConfigurationName = Release;
};
/* End XCConfigurationList section */

/* Begin XCRemoteSwiftPackageReference section */
0C9AF27F2C8C869100A3E7F4 /* XCRemoteSwiftPackageReference "supabase-swift" */ = {
isa = XCRemoteSwiftPackageReference;
repositoryURL = "https://github.com/supabase-community/supabase-swift.git";
requirement = {
kind = upToNextMajorVersion;
minimumVersion = 2.0.0;
};
};
/* End XCRemoteSwiftPackageReference section */

/* Begin XCSwiftPackageProductDependency section */
0C9AF27E2C8C869100A3E7F4 /* Supabase */ = {
isa = XCSwiftPackageProductDependency;
package = 0C9AF27F2C8C869100A3E7F4 /* XCRemoteSwiftPackageReference "supabase-swift" */;
productName = Supabase;
};
/* End XCSwiftPackageProductDependency section */

};
rootObject = 0C9AF20F2C8C804E00A3E7F4 /* Project object */;
}
